--- Cargo.lock.orig	2022-04-29 16:05:14 UTC
+++ Cargo.lock
@@ -103,7 +103,7 @@ dependencies = [
 [[package]]
 name = "clvm_rust"
 version = "0.1.14"
-source = "git+https://github.com/prozacchiwawa/clvm_rs?branch=20211029-try-config#b9f9c3345243ab1d5968fd16f4a3599d0ec43699"
+source = "git+https://github.com/prozacchiwawa/clvm_rs??rev=b9f9c3345243ab1d5968fd16f4a3599d0ec43699#b9f9c3345243ab1d5968fd16f4a3599d0ec43699"
 dependencies = [
  "bls12_381",
  "hex",
